
Microsoft Visual Studio Solution File, Format Version 12.00
# Visual Studio Version 17
VisualStudioVersion = 17.13.35919.96
MinimumVisualStudioVersion = 10.0.40219.1
Project("{FAE04EC0-301F-11D3-BF4B-00C04F79EFBC}") = "Lab3", "Lab3\Lab3.csproj", "{42E00C19-289B-4D58-BB1D-E0AC3455CB14}"
EndProject
Project("{FAE04EC0-301F-11D3-BF4B-00C04F79EFBC}") = "TestDB", "TestDB\TestDB.csproj", "{6517897C-F662-4D4D-9628-AE4D8638BDBD}"
EndProject
Global
	GlobalSection(SolutionConfigurationPlatforms) = preSolution
		Debug|Any CPU = Debug|Any CPU
		Release|Any CPU = Release|Any CPU
	EndGlobalSection
	GlobalSection(ProjectConfigurationPlatforms) = postSolution
		{42E00C19-289B-4D58-BB1D-E0AC3455CB14}.Debug|Any CPU.ActiveCfg = Debug|Any CPU
		{42E00C19-289B-4D58-BB1D-E0AC3455CB14}.Debug|Any CPU.Build.0 = Debug|Any CPU
		{42E00C19-289B-4D58-BB1D-E0AC3455CB14}.Release|Any CPU.ActiveCfg = Release|Any CPU
		{42E00C19-289B-4D58-BB1D-E0AC3455CB14}.Release|Any CPU.Build.0 = Release|Any CPU
		{6517897C-F662-4D4D-9628-AE4D8638BDBD}.Debug|Any CPU.ActiveCfg = Debug|Any CPU
		{6517897C-F662-4D4D-9628-AE4D8638BDBD}.Debug|Any CPU.Build.0 = Debug|Any CPU
		{6517897C-F662-4D4D-9628-AE4D8638BDBD}.Release|Any CPU.ActiveCfg = Release|Any CPU
		{6517897C-F662-4D4D-9628-AE4D8638BDBD}.Release|Any CPU.Build.0 = Release|Any CPU
	EndGlobalSection
	GlobalSection(SolutionProperties) = preSolution
		HideSolutionNode = FALSE
	EndGlobalSection
	GlobalSection(ExtensibilityGlobals) = postSolution
		SolutionGuid = {7AC0B7F3-D028-462C-89F6-FFA2AD43B3CD}
	EndGlobalSection
EndGlobal
